
Microsoft Visual Studio Solution File, Format Version 11.00
# Visual Studio 2010
Project("{F184B08F-C81C-45F6-A57F-5ABD9991F28F}") = "Pong", "Pong\Pong.vbproj", "{7D0FB2ED-5871-494A-A937-D6537167D560}"
EndProject
Global
	GlobalSection(SolutionConfigurationPlatforms) = preSolution
		Debug|x86 = Debug|x86
		Release|x86 = Release|x86
	EndGlobalSection
	GlobalSection(ProjectConfigurationPlatforms) = postSolution
		{7D0FB2ED-5871-494A-A937-D6537167D560}.Debug|x86.ActiveCfg = Debug|x86
		{7D0FB2ED-5871-494A-A937-D6537167D560}.Debug|x86.Build.0 = Debug|x86
		{7D0FB2ED-5871-494A-A937-D6537167D560}.Release|x86.ActiveCfg = Release|x86
		{7D0FB2ED-5871-494A-A937-D6537167D560}.Release|x86.Build.0 = Release|x86
	EndGlobalSection
	GlobalSection(SolutionProperties) = preSolution
		HideSolutionNode = FALSE
	EndGlobalSection
EndGlobal
